
Microsoft Visual Studio Solution File, Format Version 12.00
# Visual Studio 14
VisualStudioVersion = 14.0.25420.1
MinimumVisualStudioVersion = 10.0.40219.1
Project("{FAE04EC0-301F-11D3-BF4B-00C04F79EFBC}") = "TestConsole", "TestConsole\TestConsole.csproj", "{362F3BDA-556E-4F35-BEB1-DFE9607A0D97}"
EndProject
Project("{FAE04EC0-301F-11D3-BF4B-00C04F79EFBC}") = "SAVIS.FW.Data", "SAVIS.FW.Data\SAVIS.FW.Data.csproj", "{55453B3A-E652-4A4F-9D37-47F871D5358F}"
EndProject
Project("{FAE04EC0-301F-11D3-BF4B-00C04F79EFBC}") = "SAVIS.FW.Common", "SAVIS.FW.Common\SAVIS.FW.Common.csproj", "{75E3BA71-735F-406A-B9AF-63E09D0CDB5D}"
EndProject
Project("{FAE04EC0-301F-11D3-BF4B-00C04F79EFBC}") = "SAVIS.FW.Business", "SAVIS.FW.Business\SAVIS.FW.Business.csproj", "{4C1B2EC9-AC2B-4474-8CEA-2E47760DA7A3}"
EndProject
Project("{FAE04EC0-301F-11D3-BF4B-00C04F79EFBC}") = "SAVIS.FW.API", "SAVIS.FW.API\SAVIS.FW.API.csproj", "{4F809E58-313F-491A-A0FD-E6F789D16776}"
EndProject
Global
	GlobalSection(SolutionConfigurationPlatforms) = preSolution
		Debug|Any CPU = Debug|Any CPU
		Release|Any CPU = Release|Any CPU
	EndGlobalSection
	GlobalSection(ProjectConfigurationPlatforms) = postSolution
		{362F3BDA-556E-4F35-BEB1-DFE9607A0D97}.Debug|Any CPU.ActiveCfg = Debug|Any CPU
		{362F3BDA-556E-4F35-BEB1-DFE9607A0D97}.Debug|Any CPU.Build.0 = Debug|Any CPU
		{362F3BDA-556E-4F35-BEB1-DFE9607A0D97}.Release|Any CPU.ActiveCfg = Release|Any CPU
		{362F3BDA-556E-4F35-BEB1-DFE9607A0D97}.Release|Any CPU.Build.0 = Release|Any CPU
		{55453B3A-E652-4A4F-9D37-47F871D5358F}.Debug|Any CPU.ActiveCfg = Debug|Any CPU
		{55453B3A-E652-4A4F-9D37-47F871D5358F}.Debug|Any CPU.Build.0 = Debug|Any CPU
		{55453B3A-E652-4A4F-9D37-47F871D5358F}.Release|Any CPU.ActiveCfg = Release|Any CPU
		{55453B3A-E652-4A4F-9D37-47F871D5358F}.Release|Any CPU.Build.0 = Release|Any CPU
		{75E3BA71-735F-406A-B9AF-63E09D0CDB5D}.Debug|Any CPU.ActiveCfg = Debug|Any CPU
		{75E3BA71-735F-406A-B9AF-63E09D0CDB5D}.Debug|Any CPU.Build.0 = Debug|Any CPU
		{75E3BA71-735F-406A-B9AF-63E09D0CDB5D}.Release|Any CPU.ActiveCfg = Release|Any CPU
		{75E3BA71-735F-406A-B9AF-63E09D0CDB5D}.Release|Any CPU.Build.0 = Release|Any CPU
		{4C1B2EC9-AC2B-4474-8CEA-2E47760DA7A3}.Debug|Any CPU.ActiveCfg = Debug|Any CPU
		{4C1B2EC9-AC2B-4474-8CEA-2E47760DA7A3}.Debug|Any CPU.Build.0 = Debug|Any CPU
		{4C1B2EC9-AC2B-4474-8CEA-2E47760DA7A3}.Release|Any CPU.ActiveCfg = Release|Any CPU
		{4C1B2EC9-AC2B-4474-8CEA-2E47760DA7A3}.Release|Any CPU.Build.0 = Release|Any CPU
		{4F809E58-313F-491A-A0FD-E6F789D16776}.Debug|Any CPU.ActiveCfg = Debug|Any CPU
		{4F809E58-313F-491A-A0FD-E6F789D16776}.Debug|Any CPU.Build.0 = Debug|Any CPU
		{4F809E58-313F-491A-A0FD-E6F789D16776}.Release|Any CPU.ActiveCfg = Release|Any CPU
		{4F809E58-313F-491A-A0FD-E6F789D16776}.Release|Any CPU.Build.0 = Release|Any CPU
	EndGlobalSection
	GlobalSection(SolutionProperties) = preSolution
		HideSolutionNode = FALSE
	EndGlobalSection
EndGlobal
